// !$*UTF8*$!
{
	archiveVersion = 1;
	classes = {
	};
	objectVersion = 60;
	objects = {

/* Begin PBXBuildFile section */
		31A00B972BFC49D9006A9F2A /* AppDelegate.swift in Sources */ = {isa = PBXBuildFile; fileRef = 31A00B962BFC49D9006A9F2A /* AppDelegate.swift */; };
		31A00B992BFC49D9006A9F2A /* SceneDelegate.swift in Sources */ = {isa = PBXBuildFile; fileRef = 31A00B982BFC49D9006A9F2A /* SceneDelegate.swift */; };
		31A00BA02BFC49DA006A9F2A /* Assets.xcassets in Resources */ = {isa = PBXBuildFile; fileRef = 31A00B9F2BFC49DA006A9F2A /* Assets.xcassets */; };
		31A00BA32BFC49DA006A9F2A /* Base in Resources */ = {isa = PBXBuildFile; fileRef = 31A00BA22BFC49DA006A9F2A /* Base */; };
		31A00BAE2BFC49DA006A9F2A /* AssignmentTests.swift in Sources */ = {isa = PBXBuildFile; fileRef = 31A00BAD2BFC49DA006A9F2A /* AssignmentTests.swift */; };
		31A00BB82BFC49DA006A9F2A /* AssignmentUITests.swift in Sources */ = {isa = PBXBuildFile; fileRef = 31A00BB72BFC49DA006A9F2A /* AssignmentUITests.swift */; };
		31A00BBA2BFC49DA006A9F2A /* AssignmentUITestsLaunchTests.swift in Sources */ = {isa = PBXBuildFile; fileRef = 31A00BB92BFC49DA006A9F2A /* AssignmentUITestsLaunchTests.swift */; };
		31A0599A2BFC4C98006772DD /* ArchitectureModule in Frameworks */ = {isa = PBXBuildFile; productRef = 31A059992BFC4C98006772DD /* ArchitectureModule */; };
		31A0599C2BFC4C98006772DD /* Common in Frameworks */ = {isa = PBXBuildFile; productRef = 31A0599B2BFC4C98006772DD /* Common */; };
		31A0599E2BFC4C98006772DD /* CustomUI in Frameworks */ = {isa = PBXBuildFile; productRef = 31A0599D2BFC4C98006772DD /* CustomUI */; };
		31A059A02BFC4C98006772DD /* Extensions in Frameworks */ = {isa = PBXBuildFile; productRef = 31A0599F2BFC4C98006772DD /* Extensions */; };
		31A059A22BFC4C98006772DD /* Network in Frameworks */ = {isa = PBXBuildFile; productRef = 31A059A12BFC4C98006772DD /* Network */; };
		31A059A42BFC4C98006772DD /* Storage in Frameworks */ = {isa = PBXBuildFile; productRef = 31A059A32BFC4C98006772DD /* Storage */; };
		31A059A62BFC4C98006772DD /* Utils in Frameworks */ = {isa = PBXBuildFile; productRef = 31A059A52BFC4C98006772DD /* Utils */; };
		31A059AC2BFC4D31006772DD /* AppRootBuilder.swift in Sources */ = {isa = PBXBuildFile; fileRef = 31A059A72BFC4D31006772DD /* AppRootBuilder.swift */; };
		31A059AD2BFC4D31006772DD /* AppRootInteractor.swift in Sources */ = {isa = PBXBuildFile; fileRef = 31A059A82BFC4D31006772DD /* AppRootInteractor.swift */; };
		31A059AE2BFC4D31006772DD /* AppRootRouter.swift in Sources */ = {isa = PBXBuildFile; fileRef = 31A059A92BFC4D31006772DD /* AppRootRouter.swift */; };
		31A059AF2BFC4D31006772DD /* AppRootViewController.swift in Sources */ = {isa = PBXBuildFile; fileRef = 31A059AA2BFC4D31006772DD /* AppRootViewController.swift */; };
		31A059B12BFC4D5B006772DD /* AppComponent.swift in Sources */ = {isa = PBXBuildFile; fileRef = 31A059B02BFC4D5B006772DD /* AppComponent.swift */; };
		31EB8F9A2BFC5567001D6445 /* BookSearch in Frameworks */ = {isa = PBXBuildFile; productRef = 31EB8F992BFC5567001D6445 /* BookSearch */; };
		31EB8F9D2BFC9BCB001D6445 /* API.swift in Sources */ = {isa = PBXBuildFile; fileRef = 31EB8F9C2BFC9BCB001D6445 /* API.swift */; };
/* End PBXBuildFile section */

/* Begin PBXContainerItemProxy section */
		31A00BAA2BFC49DA006A9F2A /* PBXContainerItemProxy */ = {
			isa = PBXContainerItemProxy;
			containerPortal = 31A00B8B2BFC49D9006A9F2A /* Project object */;
			proxyType = 1;
			remoteGlobalIDString = 31A00B922BFC49D9006A9F2A;
			remoteInfo = Assignment;
		};
		31A00BB42BFC49DA006A9F2A /* PBXContainerItemProxy */ = {
			isa = PBXContainerItemProxy;
			containerPortal = 31A00B8B2BFC49D9006A9F2A /* Project object */;
			proxyType = 1;
			remoteGlobalIDString = 31A00B922BFC49D9006A9F2A;
			remoteInfo = Assignment;
		};
/* End PBXContainerItemProxy section */

/* Begin PBXFileReference section */
		31A00B932BFC49D9006A9F2A /* Assignment.app */ = {isa = PBXFileReference; explicitFileType = wrapper.application; includeInIndex = 0; path = Assignment.app; sourceTree = BUILT_PRODUCTS_DIR; };
		31A00B962BFC49D9006A9F2A /* AppDelegate.swift */ = {isa = PBXFileReference; lastKnownFileType = sourcecode.swift; path = AppDelegate.swift; sourceTree = "<group>"; };
		31A00B982BFC49D9006A9F2A /* SceneDelegate.swift */ = {isa = PBXFileReference; lastKnownFileType = sourcecode.swift; path = SceneDelegate.swift; sourceTree = "<group>"; };
		31A00B9F2BFC49DA006A9F2A /* Assets.xcassets */ = {isa = PBXFileReference; lastKnownFileType = folder.assetcatalog; path = Assets.xcassets; sourceTree = "<group>"; };
		31A00BA22BFC49DA006A9F2A /* Base */ = {isa = PBXFileReference; lastKnownFileType = file.storyboard; name = Base; path = Base.lproj/LaunchScreen.storyboard; sourceTree = "<group>"; };
		31A00BA42BFC49DA006A9F2A /* Info.plist */ = {isa = PBXFileReference; lastKnownFileType = text.plist.xml; path = Info.plist; sourceTree = "<group>"; };
		31A00BA92BFC49DA006A9F2A /* AssignmentTests.xctest */ = {isa = PBXFileReference; explicitFileType = wrapper.cfbundle; includeInIndex = 0; path = AssignmentTests.xctest; sourceTree = BUILT_PRODUCTS_DIR; };
		31A00BAD2BFC49DA006A9F2A /* AssignmentTests.swift */ = {isa = PBXFileReference; lastKnownFileType = sourcecode.swift; path = AssignmentTests.swift; sourceTree = "<group>"; };
		31A00BB32BFC49DA006A9F2A /* AssignmentUITests.xctest */ = {isa = PBXFileReference; explicitFileType = wrapper.cfbundle; includeInIndex = 0; path = AssignmentUITests.xctest; sourceTree = BUILT_PRODUCTS_DIR; };
		31A00BB72BFC49DA006A9F2A /* AssignmentUITests.swift */ = {isa = PBXFileReference; lastKnownFileType = sourcecode.swift; path = AssignmentUITests.swift; sourceTree = "<group>"; };
		31A00BB92BFC49DA006A9F2A /* AssignmentUITestsLaunchTests.swift */ = {isa = PBXFileReference; lastKnownFileType = sourcecode.swift; path = AssignmentUITestsLaunchTests.swift; sourceTree = "<group>"; };
		31A059A72BFC4D31006772DD /* AppRootBuilder.swift */ = {isa = PBXFileReference; fileEncoding = 4; lastKnownFileType = sourcecode.swift; path = AppRootBuilder.swift; sourceTree = "<group>"; };
		31A059A82BFC4D31006772DD /* AppRootInteractor.swift */ = {isa = PBXFileReference; fileEncoding = 4; lastKnownFileType = sourcecode.swift; path = AppRootInteractor.swift; sourceTree = "<group>"; };
		31A059A92BFC4D31006772DD /* AppRootRouter.swift */ = {isa = PBXFileReference; fileEncoding = 4; lastKnownFileType = sourcecode.swift; path = AppRootRouter.swift; sourceTree = "<group>"; };
		31A059AA2BFC4D31006772DD /* AppRootViewController.swift */ = {isa = PBXFileReference; fileEncoding = 4; lastKnownFileType = sourcecode.swift; path = AppRootViewController.swift; sourceTree = "<group>"; };
		31A059B02BFC4D5B006772DD /* AppComponent.swift */ = {isa = PBXFileReference; fileEncoding = 4; lastKnownFileType = sourcecode.swift; path = AppComponent.swift; sourceTree = "<group>"; };
		31A580232BFD9CC500374BA5 /* WebView */ = {isa = PBXFileReference; lastKnownFileType = wrapper; path = WebView; sourceTree = "<group>"; };
		31EB8F972BFC54A9001D6445 /* Book */ = {isa = PBXFileReference; lastKnownFileType = wrapper; path = Book; sourceTree = "<group>"; };
		31EB8F9C2BFC9BCB001D6445 /* API.swift */ = {isa = PBXFileReference; lastKnownFileType = sourcecode.swift; path = API.swift; sourceTree = "<group>"; };
/* End PBXFileReference section */

/* Begin PBXFrameworksBuildPhase section */
		31A00B902BFC49D9006A9F2A /* Frameworks */ = {
			isa = PBXFrameworksBuildPhase;
			buildActionMask = 2147483647;
			files = (
				31A059A42BFC4C98006772DD /* Storage in Frameworks */,
				31A0599A2BFC4C98006772DD /* ArchitectureModule in Frameworks */,
				31A0599E2BFC4C98006772DD /* CustomUI in Frameworks */,
				31EB8F9A2BFC5567001D6445 /* BookSearch in Frameworks */,
				31A059A02BFC4C98006772DD /* Extensions in Frameworks */,
				31A0599C2BFC4C98006772DD /* Common in Frameworks */,
				31A059A62BFC4C98006772DD /* Utils in Frameworks */,
				31A059A22BFC4C98006772DD /* Network in Frameworks */,
			);
			runOnlyForDeploymentPostprocessing = 0;
		};
		31A00BA62BFC49DA006A9F2A /* Frameworks */ = {
			isa = PBXFrameworksBuildPhase;
			buildActionMask = 2147483647;
			files = (
			);
			runOnlyForDeploymentPostprocessing = 0;
		};
		31A00BB02BFC49DA006A9F2A /* Frameworks */ = {
			isa = PBXFrameworksBuildPhase;
			buildActionMask = 2147483647;
			files = (
			);
			runOnlyForDeploymentPostprocessing = 0;
		};
/* End PBXFrameworksBuildPhase section */

/* Begin PBXGroup section */
		31A00B8A2BFC49D9006A9F2A = {
			isa = PBXGroup;
			children = (
				31A580232BFD9CC500374BA5 /* WebView */,
				31EB8F972BFC54A9001D6445 /* Book */,
				31A00B952BFC49D9006A9F2A /* Assignment */,
				31A00BAC2BFC49DA006A9F2A /* AssignmentTests */,
				31A00BB62BFC49DA006A9F2A /* AssignmentUITests */,
				31A00B942BFC49D9006A9F2A /* Products */,
				31EB8F982BFC5567001D6445 /* Frameworks */,
			);
			sourceTree = "<group>";
		};
		31A00B942BFC49D9006A9F2A /* Products */ = {
			isa = PBXGroup;
			children = (
				31A00B932BFC49D9006A9F2A /* Assignment.app */,
				31A00BA92BFC49DA006A9F2A /* AssignmentTests.xctest */,
				31A00BB32BFC49DA006A9F2A /* AssignmentUITests.xctest */,
			);
			name = Products;
			sourceTree = "<group>";
		};
		31A00B952BFC49D9006A9F2A /* Assignment */ = {
			isa = PBXGroup;
			children = (
				31EB8F9B2BFC9BC6001D6445 /* Base */,
				31A059AB2BFC4D31006772DD /* AppRoot */,
				31A00BC62BFC49E3006A9F2A /* App */,
				31A00B9F2BFC49DA006A9F2A /* Assets.xcassets */,
				31A00BA42BFC49DA006A9F2A /* Info.plist */,
			);
			path = Assignment;
			sourceTree = "<group>";
		};
		31A00BAC2BFC49DA006A9F2A /* AssignmentTests */ = {
			isa = PBXGroup;
			children = (
				31A00BAD2BFC49DA006A9F2A /* AssignmentTests.swift */,
			);
			path = AssignmentTests;
			sourceTree = "<group>";
		};
		31A00BB62BFC49DA006A9F2A /* AssignmentUITests */ = {
			isa = PBXGroup;
			children = (
				31A00BB72BFC49DA006A9F2A /* AssignmentUITests.swift */,
				31A00BB92BFC49DA006A9F2A /* AssignmentUITestsLaunchTests.swift */,
			);
			path = AssignmentUITests;
			sourceTree = "<group>";
		};
		31A00BC62BFC49E3006A9F2A /* App */ = {
			isa = PBXGroup;
			children = (
				31A00B962BFC49D9006A9F2A /* AppDelegate.swift */,
				31A059B02BFC4D5B006772DD /* AppComponent.swift */,
				31A00B982BFC49D9006A9F2A /* SceneDelegate.swift */,
				31A00BA12BFC49DA006A9F2A /* LaunchScreen.storyboard */,
			);
			path = App;
			sourceTree = "<group>";
		};
		31A059AB2BFC4D31006772DD /* AppRoot */ = {
			isa = PBXGroup;
			children = (
				31A059A72BFC4D31006772DD /* AppRootBuilder.swift */,
				31A059A82BFC4D31006772DD /* AppRootInteractor.swift */,
				31A059A92BFC4D31006772DD /* AppRootRouter.swift */,
				31A059AA2BFC4D31006772DD /* AppRootViewController.swift */,
			);
			path = AppRoot;
			sourceTree = "<group>";
		};
		31EB8F982BFC5567001D6445 /* Frameworks */ = {
			isa = PBXGroup;
			children = (
			);
			name = Frameworks;
			sourceTree = "<group>";
		};
		31EB8F9B2BFC9BC6001D6445 /* Base */ = {
			isa = PBXGroup;
			children = (
				31EB8F9C2BFC9BCB001D6445 /* API.swift */,
			);
			path = Base;
			sourceTree = "<group>";
		};
/* End PBXGroup section */

/* Begin PBXNativeTarget section */
		31A00B922BFC49D9006A9F2A /* Assignment */ = {
			isa = PBXNativeTarget;
			buildConfigurationList = 31A00BBD2BFC49DA006A9F2A /* Build configuration list for PBXNativeTarget "Assignment" */;
			buildPhases = (
				31A00B8F2BFC49D9006A9F2A /* Sources */,
				31A00B902BFC49D9006A9F2A /* Frameworks */,
				31A00B912BFC49D9006A9F2A /* Resources */,
			);
			buildRules = (
			);
			dependencies = (
			);
			name = Assignment;
			packageProductDependencies = (
				31A059992BFC4C98006772DD /* ArchitectureModule */,
				31A0599B2BFC4C98006772DD /* Common */,
				31A0599D2BFC4C98006772DD /* CustomUI */,
				31A0599F2BFC4C98006772DD /* Extensions */,
				31A059A12BFC4C98006772DD /* Network */,
				31A059A32BFC4C98006772DD /* Storage */,
				31A059A52BFC4C98006772DD /* Utils */,
				31EB8F992BFC5567001D6445 /* BookSearch */,
			);
			productName = Assignment;
			productReference = 31A00B932BFC49D9006A9F2A /* Assignment.app */;
			productType = "com.apple.product-type.application";
		};
		31A00BA82BFC49DA006A9F2A /* AssignmentTests */ = {
			isa = PBXNativeTarget;
			buildConfigurationList = 31A00BC02BFC49DA006A9F2A /* Build configuration list for PBXNativeTarget "AssignmentTests" */;
			buildPhases = (
				31A00BA52BFC49DA006A9F2A /* Sources */,
				31A00BA62BFC49DA006A9F2A /* Frameworks */,
				31A00BA72BFC49DA006A9F2A /* Resources */,
			);
			buildRules = (
			);
			dependencies = (
				31A00BAB2BFC49DA006A9F2A /* PBXTargetDependency */,
			);
			name = AssignmentTests;
			productName = AssignmentTests;
			productReference = 31A00BA92BFC49DA006A9F2A /* AssignmentTests.xctest */;
			productType = "com.apple.product-type.bundle.unit-test";
		};
		31A00BB22BFC49DA006A9F2A /* AssignmentUITests */ = {
			isa = PBXNativeTarget;
			buildConfigurationList = 31A00BC32BFC49DA006A9F2A /* Build configuration list for PBXNativeTarget "AssignmentUITests" */;
			buildPhases = (
				31A00BAF2BFC49DA006A9F2A /* Sources */,
				31A00BB02BFC49DA006A9F2A /* Frameworks */,
				31A00BB12BFC49DA006A9F2A /* Resources */,
			);
			buildRules = (
			);
			dependencies = (
				31A00BB52BFC49DA006A9F2A /* PBXTargetDependency */,
			);
			name = AssignmentUITests;
			productName = AssignmentUITests;
			productReference = 31A00BB32BFC49DA006A9F2A /* AssignmentUITests.xctest */;
			productType = "com.apple.product-type.bundle.ui-testing";
		};
/* End PBXNativeTarget section */

/* Begin PBXProject section */
		31A00B8B2BFC49D9006A9F2A /* Project object */ = {
			isa = PBXProject;
			attributes = {
				BuildIndependentTargetsInParallel = 1;
				LastSwiftUpdateCheck = 1530;
				LastUpgradeCheck = 1530;
				TargetAttributes = {
					31A00B922BFC49D9006A9F2A = {
						CreatedOnToolsVersion = 15.3;
					};
					31A00BA82BFC49DA006A9F2A = {
						CreatedOnToolsVersion = 15.3;
						TestTargetID = 31A00B922BFC49D9006A9F2A;
					};
					31A00BB22BFC49DA006A9F2A = {
						CreatedOnToolsVersion = 15.3;
						TestTargetID = 31A00B922BFC49D9006A9F2A;
					};
				};
			};
			buildConfigurationList = 31A00B8E2BFC49D9006A9F2A /* Build configuration list for PBXProject "Assignment" */;
			compatibilityVersion = "Xcode 14.0";
			developmentRegion = en;
			hasScannedForEncodings = 0;
			knownRegions = (
				en,
				Base,
			);
			mainGroup = 31A00B8A2BFC49D9006A9F2A;
			packageReferences = (
				31A059982BFC4C98006772DD /* XCLocalSwiftPackageReference "Platform" */,
			);
			productRefGroup = 31A00B942BFC49D9006A9F2A /* Products */;
			projectDirPath = "";
			projectRoot = "";
			targets = (
				31A00B922BFC49D9006A9F2A /* Assignment */,
				31A00BA82BFC49DA006A9F2A /* AssignmentTests */,
				31A00BB22BFC49DA006A9F2A /* AssignmentUITests */,
			);
		};
/* End PBXProject section */

/* Begin PBXResourcesBuildPhase section */
		31A00B912BFC49D9006A9F2A /* Resources */ = {
			isa = PBXResourcesBuildPhase;
			buildActionMask = 2147483647;
			files = (
				31A00BA02BFC49DA006A9F2A /* Assets.xcassets in Resources */,
				31A00BA32BFC49DA006A9F2A /* Base in Resources */,
			);
			runOnlyForDeploymentPostprocessing = 0;
		};
		31A00BA72BFC49DA006A9F2A /* Resources */ = {
			isa = PBXResourcesBuildPhase;
			buildActionMask = 2147483647;
			files = (
			);
			runOnlyForDeploymentPostprocessing = 0;
		};
		31A00BB12BFC49DA006A9F2A /* Resources */ = {
			isa = PBXResourcesBuildPhase;
			buildActionMask = 2147483647;
			files = (
			);
			runOnlyForDeploymentPostprocessing = 0;
		};
/* End PBXResourcesBuildPhase section */

/* Begin PBXSourcesBuildPhase section */
		31A00B8F2BFC49D9006A9F2A /* Sources */ = {
			isa = PBXSourcesBuildPhase;
			buildActionMask = 2147483647;
			files = (
				31A059AF2BFC4D31006772DD /* AppRootViewController.swift in Sources */,
				31A059AE2BFC4D31006772DD /* AppRootRouter.swift in Sources */,
				31A059B12BFC4D5B006772DD /* AppComponent.swift in Sources */,
				31A00B972BFC49D9006A9F2A /* AppDelegate.swift in Sources */,
				31A00B992BFC49D9006A9F2A /* SceneDelegate.swift in Sources */,
				31A059AD2BFC4D31006772DD /* AppRootInteractor.swift in Sources */,
				31EB8F9D2BFC9BCB001D6445 /* API.swift in Sources */,
				31A059AC2BFC4D31006772DD /* AppRootBuilder.swift in Sources */,
			);
			runOnlyForDeploymentPostprocessing = 0;
		};
		31A00BA52BFC49DA006A9F2A /* Sources */ = {
			isa = PBXSourcesBuildPhase;
			buildActionMask = 2147483647;
			files = (
				31A00BAE2BFC49DA006A9F2A /* AssignmentTests.swift in Sources */,
			);
			runOnlyForDeploymentPostprocessing = 0;
		};
		31A00BAF2BFC49DA006A9F2A /* Sources */ = {
			isa = PBXSourcesBuildPhase;
			buildActionMask = 2147483647;
			files = (
				31A00BB82BFC49DA006A9F2A /* AssignmentUITests.swift in Sources */,
				31A00BBA2BFC49DA006A9F2A /* AssignmentUITestsLaunchTests.swift in Sources */,
			);
			runOnlyForDeploymentPostprocessing = 0;
		};
/* End PBXSourcesBuildPhase section */

/* Begin PBXTargetDependency section */
		31A00BAB2BFC49DA006A9F2A /* PBXTargetDependency */ = {
			isa = PBXTargetDependency;
			target = 31A00B922BFC49D9006A9F2A /* Assignment */;
			targetProxy = 31A00BAA2BFC49DA006A9F2A /* PBXContainerItemProxy */;
		};
		31A00BB52BFC49DA006A9F2A /* PBXTargetDependency */ = {
			isa = PBXTargetDependency;
			target = 31A00B922BFC49D9006A9F2A /* Assignment */;
			targetProxy = 31A00BB42BFC49DA006A9F2A /* PBXContainerItemProxy */;
		};
/* End PBXTargetDependency section */

/* Begin PBXVariantGroup section */
		31A00BA12BFC49DA006A9F2A /* LaunchScreen.storyboard */ = {
			isa = PBXVariantGroup;
			children = (
				31A00BA22BFC49DA006A9F2A /* Base */,
			);
			name = LaunchScreen.storyboard;
			sourceTree = "<group>";
		};
/* End PBXVariantGroup section */

/* Begin XCBuildConfiguration section */
		31A00BBB2BFC49DA006A9F2A /* Debug */ = {
			isa = XCBuildConfiguration;
			buildSettings = {
				ALWAYS_SEARCH_USER_PATHS = NO;
				ASSETCATALOG_COMPILER_GENERATE_SWIFT_ASSET_SYMBOL_EXTENSIONS = YES;
				CLANG_ANALYZER_NONNULL = YES;
				CLANG_ANALYZER_NUMBER_OBJECT_CONVERSION = YES_AGGRESSIVE;
				CLANG_CXX_LANGUAGE_STANDARD = "gnu++20";
				CLANG_ENABLE_MODULES = YES;
				CLANG_ENABLE_OBJC_ARC = YES;
				CLANG_ENABLE_OBJC_WEAK = YES;
				CLANG_WARN_BLOCK_CAPTURE_AUTORELEASING = YES;
				CLANG_WARN_BOOL_CONVERSION = YES;
				CLANG_WARN_COMMA = YES;
				CLANG_WARN_CONSTANT_CONVERSION = YES;
				CLANG_WARN_DEPRECATED_OBJC_IMPLEMENTATIONS = YES;
				CLANG_WARN_DIRECT_OBJC_ISA_USAGE = YES_ERROR;
				CLANG_WARN_DOCUMENTATION_COMMENTS = YES;
				CLANG_WARN_EMPTY_BODY = YES;
				CLANG_WARN_ENUM_CONVERSION = YES;
				CLANG_WARN_INFINITE_RECURSION = YES;
				CLANG_WARN_INT_CONVERSION = YES;
				CLANG_WARN_NON_LITERAL_NULL_CONVERSION = YES;
				CLANG_WARN_OBJC_IMPLICIT_RETAIN_SELF = YES;
				CLANG_WARN_OBJC_LITERAL_CONVERSION = YES;
				CLANG_WARN_OBJC_ROOT_CLASS = YES_ERROR;
				CLANG_WARN_QUOTED_INCLUDE_IN_FRAMEWORK_HEADER = YES;
				CLANG_WARN_RANGE_LOOP_ANALYSIS = YES;
				CLANG_WARN_STRICT_PROTOTYPES = YES;
				CLANG_WARN_SUSPICIOUS_MOVE = YES;
				CLANG_WARN_UNGUARDED_AVAILABILITY = YES_AGGRESSIVE;
				CLANG_WARN_UNREACHABLE_CODE = YES;
				CLANG_WARN__DUPLICATE_METHOD_MATCH = YES;
				COPY_PHASE_STRIP = NO;
				DEBUG_INFORMATION_FORMAT = dwarf;
				ENABLE_STRICT_OBJC_MSGSEND = YES;
				ENABLE_TESTABILITY = YES;
				ENABLE_USER_SCRIPT_SANDBOXING = YES;
				GCC_C_LANGUAGE_STANDARD = gnu17;
				GCC_DYNAMIC_NO_PIC = NO;
				GCC_NO_COMMON_BLOCKS = YES;
				GCC_OPTIMIZATION_LEVEL = 0;
				GCC_PREPROCESSOR_DEFINITIONS = (
					"DEBUG=1",
					"$(inherited)",
				);
				GCC_WARN_64_TO_32_BIT_CONVERSION = YES;
				GCC_WARN_ABOUT_RETURN_TYPE = YES_ERROR;
				GCC_WARN_UNDECLARED_SELECTOR = YES;
				GCC_WARN_UNINITIALIZED_AUTOS = YES_AGGRESSIVE;
				GCC_WARN_UNUSED_FUNCTION = YES;
				GCC_WARN_UNUSED_VARIABLE = YES;
				IPHONEOS_DEPLOYMENT_TARGET = 14.0;
				LOCALIZATION_PREFERS_STRING_CATALOGS = YES;
				MTL_ENABLE_DEBUG_INFO = INCLUDE_SOURCE;
				MTL_FAST_MATH = YES;
				ONLY_ACTIVE_ARCH = YES;
				SDKROOT = iphoneos;
				SWIFT_ACTIVE_COMPILATION_CONDITIONS = "DEBUG $(inherited)";
				SWIFT_OPTIMIZATION_LEVEL = "-Onone";
			};
			name = Debug;
		};
		31A00BBC2BFC49DA006A9F2A /* Release */ = {
			isa = XCBuildConfiguration;
			buildSettings = {
				ALWAYS_SEARCH_USER_PATHS = NO;
				ASSETCATALOG_COMPILER_GENERATE_SWIFT_ASSET_SYMBOL_EXTENSIONS = YES;
				CLANG_ANALYZER_NONNULL = YES;
				CLANG_ANALYZER_NUMBER_OBJECT_CONVERSION = YES_AGGRESSIVE;
				CLANG_CXX_LANGUAGE_STANDARD = "gnu++20";
				CLANG_ENABLE_MODULES = YES;
				CLANG_ENABLE_OBJC_ARC = YES;
				CLANG_ENABLE_OBJC_WEAK = YES;
				CLANG_WARN_BLOCK_CAPTURE_AUTORELEASING = YES;
				CLANG_WARN_BOOL_CONVERSION = YES;
				CLANG_WARN_COMMA = YES;
				CLANG_WARN_CONSTANT_CONVERSION = YES;
				CLANG_WARN_DEPRECATED_OBJC_IMPLEMENTATIONS = YES;
				CLANG_WARN_DIRECT_OBJC_ISA_USAGE = YES_ERROR;
				CLANG_WARN_DOCUMENTATION_COMMENTS = YES;
				CLANG_WARN_EMPTY_BODY = YES;
				CLANG_WARN_ENUM_CONVERSION = YES;
				CLANG_WARN_INFINITE_RECURSION = YES;
				CLANG_WARN_INT_CONVERSION = YES;
				CLANG_WARN_NON_LITERAL_NULL_CONVERSION = YES;
				CLANG_WARN_OBJC_IMPLICIT_RETAIN_SELF = YES;
				CLANG_WARN_OBJC_LITERAL_CONVERSION = YES;
				CLANG_WARN_OBJC_ROOT_CLASS = YES_ERROR;
				CLANG_WARN_QUOTED_INCLUDE_IN_FRAMEWORK_HEADER = YES;
				CLANG_WARN_RANGE_LOOP_ANALYSIS = YES;
				CLANG_WARN_STRICT_PROTOTYPES = YES;
				CLANG_WARN_SUSPICIOUS_MOVE = YES;
				CLANG_WARN_UNGUARDED_AVAILABILITY = YES_AGGRESSIVE;
				CLANG_WARN_UNREACHABLE_CODE = YES;
				CLANG_WARN__DUPLICATE_METHOD_MATCH = YES;
				COPY_PHASE_STRIP = NO;
				DEBUG_INFORMATION_FORMAT = "dwarf-with-dsym";
				ENABLE_NS_ASSERTIONS = NO;
				ENABLE_STRICT_OBJC_MSGSEND = YES;
				ENABLE_USER_SCRIPT_SANDBOXING = YES;
				GCC_C_LANGUAGE_STANDARD = gnu17;
				GCC_NO_COMMON_BLOCKS = YES;
				GCC_WARN_64_TO_32_BIT_CONVERSION = YES;
				GCC_WARN_ABOUT_RETURN_TYPE = YES_ERROR;
				GCC_WARN_UNDECLARED_SELECTOR = YES;
				GCC_WARN_UNINITIALIZED_AUTOS = YES_AGGRESSIVE;
				GCC_WARN_UNUSED_FUNCTION = YES;
				GCC_WARN_UNUSED_VARIABLE = YES;
				IPHONEOS_DEPLOYMENT_TARGET = 14.0;
				LOCALIZATION_PREFERS_STRING_CATALOGS = YES;
				MTL_ENABLE_DEBUG_INFO = NO;
				MTL_FAST_MATH = YES;
				SDKROOT = iphoneos;
				SWIFT_COMPILATION_MODE = wholemodule;
				VALIDATE_PRODUCT = YES;
			};
			name = Release;
		};
		31A00BBE2BFC49DA006A9F2A /* Debug */ = {
			isa = XCBuildConfiguration;
			buildSettings = {
				ASSETCATALOG_COMPILER_APPICON_NAME = AppIcon;
				ASSETCATALOG_COMPILER_GLOBAL_ACCENT_COLOR_NAME = AccentColor;
				CODE_SIGN_STYLE = Automatic;
				CURRENT_PROJECT_VERSION = 1.0.0.0;
				DEVELOPMENT_TEAM = GEVR48D2FT;
				GENERATE_INFOPLIST_FILE = YES;
				INFOPLIST_FILE = Assignment/Info.plist;
				INFOPLIST_KEY_CFBundleDisplayName = BookApp;
				INFOPLIST_KEY_UIApplicationSupportsIndirectInputEvents = YES;
				INFOPLIST_KEY_UILaunchStoryboardName = LaunchScreen;
				INFOPLIST_KEY_UIMainStoryboardFile = "";
				INFOPLIST_KEY_UISupportedInterfaceOrientations = UIInterfaceOrientationPortrait;
				LD_RUNPATH_SEARCH_PATHS = (
					"$(inherited)",
					"@executable_path/Frameworks",
				);
				MARKETING_VERSION = 1.0.0;
				PRODUCT_BUNDLE_IDENTIFIER = kimsoomin.Assignment;
				PRODUCT_NAME = "$(TARGET_NAME)";
				SWIFT_EMIT_LOC_STRINGS = YES;
				SWIFT_VERSION = 5.0;
				TARGETED_DEVICE_FAMILY = "1,2";
			};
			name = Debug;
		};
		31A00BBF2BFC49DA006A9F2A /* Release */ = {
			isa = XCBuildConfiguration;
			buildSettings = {
				ASSETCATALOG_COMPILER_APPICON_NAME = AppIcon;
				ASSETCATALOG_COMPILER_GLOBAL_ACCENT_COLOR_NAME = AccentColor;
				CODE_SIGN_STYLE = Automatic;
				CURRENT_PROJECT_VERSION = 1.0.0.0;
				DEVELOPMENT_TEAM = GEVR48D2FT;
				GENERATE_INFOPLIST_FILE = YES;
				INFOPLIST_FILE = Assignment/Info.plist;
				INFOPLIST_KEY_CFBundleDisplayName = BookApp;
				INFOPLIST_KEY_UIApplicationSupportsIndirectInputEvents = YES;
				INFOPLIST_KEY_UILaunchStoryboardName = LaunchScreen;
				INFOPLIST_KEY_UIMainStoryboardFile = "";
				INFOPLIST_KEY_UISupportedInterfaceOrientations = UIInterfaceOrientationPortrait;
				LD_RUNPATH_SEARCH_PATHS = (
					"$(inherited)",
					"@executable_path/Frameworks",
				);
				MARKETING_VERSION = 1.0.0;
				PRODUCT_BUNDLE_IDENTIFIER = kimsoomin.Assignment;
				PRODUCT_NAME = "$(TARGET_NAME)";
				SWIFT_EMIT_LOC_STRINGS = YES;
				SWIFT_VERSION = 5.0;
				TARGETED_DEVICE_FAMILY = "1,2";
			};
			name = Release;
		};
		31A00BC12BFC49DA006A9F2A /* Debug */ = {
			isa = XCBuildConfiguration;
			buildSettings = {
				ALWAYS_EMBED_SWIFT_STANDARD_LIBRARIES = YES;
				BUNDLE_LOADER = "$(TEST_HOST)";
				CODE_SIGN_STYLE = Automatic;
				CURRENT_PROJECT_VERSION = 1;
				DEVELOPMENT_TEAM = GEVR48D2FT;
				GENERATE_INFOPLIST_FILE = YES;
				IPHONEOS_DEPLOYMENT_TARGET = 17.4;
				MARKETING_VERSION = 1.0;
				PRODUCT_BUNDLE_IDENTIFIER = kimsoomin.AssignmentTests;
				PRODUCT_NAME = "$(TARGET_NAME)";
				SWIFT_EMIT_LOC_STRINGS = NO;
				SWIFT_VERSION = 5.0;
				TARGETED_DEVICE_FAMILY = "1,2";
				TEST_HOST = "$(BUILT_PRODUCTS_DIR)/Assignment.app/$(BUNDLE_EXECUTABLE_FOLDER_PATH)/Assignment";
			};
			name = Debug;
		};
		31A00BC22BFC49DA006A9F2A /* Release */ = {
			isa = XCBuildConfiguration;
			buildSettings = {
				ALWAYS_EMBED_SWIFT_STANDARD_LIBRARIES = YES;
				BUNDLE_LOADER = "$(TEST_HOST)";
				CODE_SIGN_STYLE = Automatic;
				CURRENT_PROJECT_VERSION = 1;
				DEVELOPMENT_TEAM = GEVR48D2FT;
				GENERATE_INFOPLIST_FILE = YES;
				IPHONEOS_DEPLOYMENT_TARGET = 17.4;
				MARKETING_VERSION = 1.0;
				PRODUCT_BUNDLE_IDENTIFIER = kimsoomin.AssignmentTests;
				PRODUCT_NAME = "$(TARGET_NAME)";
				SWIFT_EMIT_LOC_STRINGS = NO;
				SWIFT_VERSION = 5.0;
				TARGETED_DEVICE_FAMILY = "1,2";
				TEST_HOST = "$(BUILT_PRODUCTS_DIR)/Assignment.app/$(BUNDLE_EXECUTABLE_FOLDER_PATH)/Assignment";
			};
			name = Release;
		};
		31A00BC42BFC49DA006A9F2A /* Debug */ = {
			isa = XCBuildConfiguration;
			buildSettings = {
				ALWAYS_EMBED_SWIFT_STANDARD_LIBRARIES = YES;
				CODE_SIGN_STYLE = Automatic;
				CURRENT_PROJECT_VERSION = 1;
				DEVELOPMENT_TEAM = GEVR48D2FT;
				GENERATE_INFOPLIST_FILE = YES;
				MARKETING_VERSION = 1.0;
				PRODUCT_BUNDLE_IDENTIFIER = kimsoomin.AssignmentUITests;
				PRODUCT_NAME = "$(TARGET_NAME)";
				SWIFT_EMIT_LOC_STRINGS = NO;
				SWIFT_VERSION = 5.0;
				TARGETED_DEVICE_FAMILY = "1,2";
				TEST_TARGET_NAME = Assignment;
			};
			name = Debug;
		};
		31A00BC52BFC49DA006A9F2A /* Release */ = {
			isa = XCBuildConfiguration;
			buildSettings = {
				ALWAYS_EMBED_SWIFT_STANDARD_LIBRARIES = YES;
				CODE_SIGN_STYLE = Automatic;
				CURRENT_PROJECT_VERSION = 1;
				DEVELOPMENT_TEAM = GEVR48D2FT;
				GENERATE_INFOPLIST_FILE = YES;
				MARKETING_VERSION = 1.0;
				PRODUCT_BUNDLE_IDENTIFIER = kimsoomin.AssignmentUITests;
				PRODUCT_NAME = "$(TARGET_NAME)";
				SWIFT_EMIT_LOC_STRINGS = NO;
				SWIFT_VERSION = 5.0;
				TARGETED_DEVICE_FAMILY = "1,2";
				TEST_TARGET_NAME = Assignment;
			};
			name = Release;
		};
/* End XCBuildConfiguration section */

/* Begin XCConfigurationList section */
		31A00B8E2BFC49D9006A9F2A /* Build configuration list for PBXProject "Assignment" */ = {
			isa = XCConfigurationList;
			buildConfigurations = (
				31A00BBB2BFC49DA006A9F2A /* Debug */,
				31A00BBC2BFC49DA006A9F2A /* Release */,
			);
			defaultConfigurationIsVisible = 0;
			defaultConfigurationName = Release;
		};
		31A00BBD2BFC49DA006A9F2A /* Build configuration list for PBXNativeTarget "Assignment" */ = {
			isa = XCConfigurationList;
			buildConfigurations = (
				31A00BBE2BFC49DA006A9F2A /* Debug */,
				31A00BBF2BFC49DA006A9F2A /* Release */,
			);
			defaultConfigurationIsVisible = 0;
			defaultConfigurationName = Release;
		};
		31A00BC02BFC49DA006A9F2A /* Build configuration list for PBXNativeTarget "AssignmentTests" */ = {
			isa = XCConfigurationList;
			buildConfigurations = (
				31A00BC12BFC49DA006A9F2A /* Debug */,
				31A00BC22BFC49DA006A9F2A /* Release */,
			);
			defaultConfigurationIsVisible = 0;
			defaultConfigurationName = Release;
		};
		31A00BC32BFC49DA006A9F2A /* Build configuration list for PBXNativeTarget "AssignmentUITests" */ = {
			isa = XCConfigurationList;
			buildConfigurations = (
				31A00BC42BFC49DA006A9F2A /* Debug */,
				31A00BC52BFC49DA006A9F2A /* Release */,
			);
			defaultConfigurationIsVisible = 0;
			defaultConfigurationName = Release;
		};
/* End XCConfigurationList section */

/* Begin XCLocalSwiftPackageReference section */
		31A059982BFC4C98006772DD /* XCLocalSwiftPackageReference "Platform" */ = {
			isa = XCLocalSwiftPackageReference;
			relativePath = Platform;
		};
/* End XCLocalSwiftPackageReference section */

/* Begin XCSwiftPackageProductDependency section */
		31A059992BFC4C98006772DD /* ArchitectureModule */ = {
			isa = XCSwiftPackageProductDependency;
			productName = ArchitectureModule;
		};
		31A0599B2BFC4C98006772DD /* Common */ = {
			isa = XCSwiftPackageProductDependency;
			productName = Common;
		};
		31A0599D2BFC4C98006772DD /* CustomUI */ = {
			isa = XCSwiftPackageProductDependency;
			productName = CustomUI;
		};
		31A0599F2BFC4C98006772DD /* Extensions */ = {
			isa = XCSwiftPackageProductDependency;
			productName = Extensions;
		};
		31A059A12BFC4C98006772DD /* Network */ = {
			isa = XCSwiftPackageProductDependency;
			productName = Network;
		};
		31A059A32BFC4C98006772DD /* Storage */ = {
			isa = XCSwiftPackageProductDependency;
			productName = Storage;
		};
		31A059A52BFC4C98006772DD /* Utils */ = {
			isa = XCSwiftPackageProductDependency;
			productName = Utils;
		};
		31EB8F992BFC5567001D6445 /* BookSearch */ = {
			isa = XCSwiftPackageProductDependency;
			productName = BookSearch;
		};
/* End XCSwiftPackageProductDependency section */
	};
	rootObject = 31A00B8B2BFC49D9006A9F2A /* Project object */;
}
